
Microsoft Visual Studio Solution File, Format Version 12.00
# Visual Studio Version 17
VisualStudioVersion = 17.9.34728.123
MinimumVisualStudioVersion = 10.0.40219.1
Project("{FAE04EC0-301F-11D3-BF4B-00C04F79EFBC}") = "LojaJogos", "LojaJogos.csproj", "{EDCFEF2A-5716-4D05-9218-3CD526059464}"
EndProject
Global
	GlobalSection(SolutionConfigurationPlatforms) = preSolution
		Debug|Any CPU = Debug|Any CPU
		Release|Any CPU = Release|Any CPU
	EndGlobalSection
	GlobalSection(ProjectConfigurationPlatforms) = postSolution
		{EDCFEF2A-5716-4D05-9218-3CD526059464}.Debug|Any CPU.ActiveCfg = Debug|Any CPU
		{EDCFEF2A-5716-4D05-9218-3CD526059464}.Debug|Any CPU.Build.0 = Debug|Any CPU
		{EDCFEF2A-5716-4D05-9218-3CD526059464}.Release|Any CPU.ActiveCfg = Release|Any CPU
		{EDCFEF2A-5716-4D05-9218-3CD526059464}.Release|Any CPU.Build.0 = Release|Any CPU
	EndGlobalSection
	GlobalSection(SolutionProperties) = preSolution
		HideSolutionNode = FALSE
	EndGlobalSection
	GlobalSection(ExtensibilityGlobals) = postSolution
		SolutionGuid = {37D0280B-CC4C-4399-A725-34F9C70DCEC5}
	EndGlobalSection
EndGlobal
